<?xml version="1.0" encoding="utf-8"?>
<Project ToolsVersion="4.0" xmlns="http://schemas.microsoft.com/developer/msbuild/2003">
  <ItemGroup>
    <Filter Include="Source Files">
      <UniqueIdentifier>{4FC737F1-C7A5-4376-A066-2A32D752A2FF}</UniqueIdentifier>
      <Extensions>cpp;c;cc;cxx;def;odl;idl;hpj;bat;asm;asmx</Extensions>
    </Filter>
    <Filter Include="Header Files">
      <UniqueIdentifier>{93995380-89BD-4b04-88EB-625FBE52EBFB}</UniqueIdentifier>
      <Extensions>h;hh;hpp;hxx;hm;inl;inc;xsd</Extensions>
    </Filter>
    <Filter Include="Resource Files">
      <UniqueIdentifier>{67DA6AB6-F800-4c08-8B7A-83BB121AAD01}</UniqueIdentifier>
      <Extensions>rc;ico;cur;bmp;dlg;rc2;rct;bin;rgs;gif;jpg;jpeg;jpe;resx;tiff;tif;png;wav</Extensions>
    </Filter>
  </ItemGroup>
  <ItemGroup>
    <ClCompile Include="3Dview.cpp">
      <Filter>Source Files</Filter>
    </ClCompile>
    <ClCompile Include="actor.cpp">
      <Filter>Source Files</Filter>
    </ClCompile>
    <ClCompile Include="arena.cpp">
      <Filter>Source Files</Filter>
    </ClCompile>
    <ClCompile Include="ARX.cpp">
      <Filter>Source Files</Filter>
    </ClCompile>
    <ClCompile Include="audio.cpp">
      <Filter>Source Files</Filter>
    </ClCompile>
    <ClCompile Include="automap.cpp">
      <Filter>Source Files</Filter>
    </ClCompile>
    <ClCompile Include="bank.cpp">
      <Filter>Source Files</Filter>
    </ClCompile>
    <ClCompile Include="chapel.cpp">
      <Filter>Source Files</Filter>
    </ClCompile>
    <ClCompile Include="config.cpp">
      <Filter>Source Files</Filter>
    </ClCompile>
    <ClCompile Include="createCharacter.cpp">
      <Filter>Source Files</Filter>
    </ClCompile>
    <ClCompile Include="damon.cpp">
      <Filter>Source Files</Filter>
    </ClCompile>
    <ClCompile Include="dev.cpp">
      <Filter>Source Files</Filter>
    </ClCompile>
    <ClCompile Include="display.cpp">
      <Filter>Source Files</Filter>
    </ClCompile>
    <ClCompile Include="dwarvenSmithy.cpp">
      <Filter>Source Files</Filter>
    </ClCompile>
    <ClCompile Include="effects.cpp">
      <Filter>Source Files</Filter>
    </ClCompile>
    <ClCompile Include="encounter.cpp">
      <Filter>Source Files</Filter>
    </ClCompile>
    <ClCompile Include="ferry.cpp">
      <Filter>Source Files</Filter>
    </ClCompile>
    <ClCompile Include="font.cpp">
      <Filter>Source Files</Filter>
    </ClCompile>
    <ClCompile Include="fountain.cpp">
      <Filter>Source Files</Filter>
    </ClCompile>
    <ClCompile Include="game.cpp">
      <Filter>Source Files</Filter>
    </ClCompile>
    <ClCompile Include="goblins.cpp">
      <Filter>Source Files</Filter>
    </ClCompile>
    <ClCompile Include="guild.cpp">
      <Filter>Source Files</Filter>
    </ClCompile>
    <ClCompile Include="healer.cpp">
      <Filter>Source Files</Filter>
    </ClCompile>
    <ClCompile Include="inn.cpp">
      <Filter>Source Files</Filter>
    </ClCompile>
    <ClCompile Include="input.cpp">
      <Filter>Source Files</Filter>
    </ClCompile>
    <ClCompile Include="items.cpp">
      <Filter>Source Files</Filter>
    </ClCompile>
    <ClCompile Include="itemSelect.cpp">
      <Filter>Source Files</Filter>
    </ClCompile>
    <ClCompile Include="level.cpp">
      <Filter>Source Files</Filter>
    </ClCompile>
    <ClCompile Include="lift.cpp">
      <Filter>Source Files</Filter>
    </ClCompile>
    <ClCompile Include="lyrics.cpp">
      <Filter>Source Files</Filter>
    </ClCompile>
    <ClCompile Include="misc.cpp">
      <Filter>Source Files</Filter>
    </ClCompile>
    <ClCompile Include="module.cpp">
      <Filter>Source Files</Filter>
    </ClCompile>
    <ClCompile Include="oracle.cpp">
      <Filter>Source Files</Filter>
    </ClCompile>
    <ClCompile Include="player.cpp">
      <Filter>Source Files</Filter>
    </ClCompile>
    <ClCompile Include="rathskeller.cpp">
      <Filter>Source Files</Filter>
    </ClCompile>
    <ClCompile Include="retreat.cpp">
      <Filter>Source Files</Filter>
    </ClCompile>
    <ClCompile Include="saveGame.cpp">
      <Filter>Source Files</Filter>
    </ClCompile>
    <ClCompile Include="screen.cpp">
      <Filter>Source Files</Filter>
    </ClCompile>
    <ClCompile Include="shop.cpp">
      <Filter>Source Files</Filter>
    </ClCompile>
    <ClCompile Include="smithy.cpp">
      <Filter>Source Files</Filter>
    </ClCompile>
    <ClCompile Include="spells.cpp">
      <Filter>Source Files</Filter>
    </ClCompile>
    <ClCompile Include="staircase.cpp">
      <Filter>Source Files</Filter>
    </ClCompile>
    <ClCompile Include="tavern.cpp">
      <Filter>Source Files</Filter>
    </ClCompile>
    <ClCompile Include="trolls.cpp">
      <Filter>Source Files</Filter>
    </ClCompile>
    <ClCompile Include="undeadKing.cpp">
      <Filter>Source Files</Filter>
    </ClCompile>
    <ClCompile Include="vaults.cpp">
      <Filter>Source Files</Filter>
    </ClCompile>
  </ItemGroup>
  <ItemGroup>
    <ClInclude Include="3Dview.h">
      <Filter>Header Files</Filter>
    </ClInclude>
    <ClInclude Include="actor.h">
      <Filter>Header Files</Filter>
    </ClInclude>
    <ClInclude Include="arena.h">
      <Filter>Header Files</Filter>
    </ClInclude>
    <ClInclude Include="ARX.h">
      <Filter>Header Files</Filter>
    </ClInclude>
    <ClInclude Include="ARx_private.h">
      <Filter>Header Files</Filter>
    </ClInclude>
    <ClInclude Include="audio.h">
      <Filter>Header Files</Filter>
    </ClInclude>
    <ClInclude Include="automap.h">
      <Filter>Header Files</Filter>
    </ClInclude>
    <ClInclude Include="back_inventory.h">
      <Filter>Header Files</Filter>
    </ClInclude>
    <ClInclude Include="bank.h">
      <Filter>Header Files</Filter>
    </ClInclude>
    <ClInclude Include="chapel.h">
      <Filter>Header Files</Filter>
    </ClInclude>
    <ClInclude Include="config.h">
      <Filter>Header Files</Filter>
    </ClInclude>
    <ClInclude Include="createCharacter.h">
      <Filter>Header Files</Filter>
    </ClInclude>
    <ClInclude Include="damon.h">
      <Filter>Header Files</Filter>
    </ClInclude>
    <ClInclude Include="dev.h">
      <Filter>Header Files</Filter>
    </ClInclude>
    <ClInclude Include="display.h">
      <Filter>Header Files</Filter>
    </ClInclude>
    <ClInclude Include="dwarvenSmithy.h">
      <Filter>Header Files</Filter>
    </ClInclude>
    <ClInclude Include="effects.h">
      <Filter>Header Files</Filter>
    </ClInclude>
    <ClInclude Include="encounter.h">
      <Filter>Header Files</Filter>
    </ClInclude>
    <ClInclude Include="ferry.h">
      <Filter>Header Files</Filter>
    </ClInclude>
    <ClInclude Include="font.h">
      <Filter>Header Files</Filter>
    </ClInclude>
    <ClInclude Include="fountain.h">
      <Filter>Header Files</Filter>
    </ClInclude>
    <ClInclude Include="game.h">
      <Filter>Header Files</Filter>
    </ClInclude>
    <ClInclude Include="globals.h">
      <Filter>Header Files</Filter>
    </ClInclude>
    <ClInclude Include="goblins.h">
      <Filter>Header Files</Filter>
    </ClInclude>
    <ClInclude Include="guild.h">
      <Filter>Header Files</Filter>
    </ClInclude>
    <ClInclude Include="healer.h">
      <Filter>Header Files</Filter>
    </ClInclude>
    <ClInclude Include="inn.h">
      <Filter>Header Files</Filter>
    </ClInclude>
    <ClInclude Include="input.h">
      <Filter>Header Files</Filter>
    </ClInclude>
    <ClInclude Include="items.h">
      <Filter>Header Files</Filter>
    </ClInclude>
    <ClInclude Include="itemSelect.h">
      <Filter>Header Files</Filter>
    </ClInclude>
    <ClInclude Include="level.h">
      <Filter>Header Files</Filter>
    </ClInclude>
    <ClInclude Include="lift.h">
      <Filter>Header Files</Filter>
    </ClInclude>
    <ClInclude Include="lyrics.h">
      <Filter>Header Files</Filter>
    </ClInclude>
    <ClInclude Include="misc.h">
      <Filter>Header Files</Filter>
    </ClInclude>
    <ClInclude Include="module.h">
      <Filter>Header Files</Filter>
    </ClInclude>
    <ClInclude Include="oracle.h">
      <Filter>Header Files</Filter>
    </ClInclude>
    <ClInclude Include="player.h">
      <Filter>Header Files</Filter>
    </ClInclude>
    <ClInclude Include="rathskeller.h">
      <Filter>Header Files</Filter>
    </ClInclude>
    <ClInclude Include="retreat.h">
      <Filter>Header Files</Filter>
    </ClInclude>
    <ClInclude Include="saveGame.h">
      <Filter>Header Files</Filter>
    </ClInclude>
    <ClInclude Include="screen.h">
      <Filter>Header Files</Filter>
    </ClInclude>
    <ClInclude Include="shop.h">
      <Filter>Header Files</Filter>
    </ClInclude>
    <ClInclude Include="smithy.h">
      <Filter>Header Files</Filter>
    </ClInclude>
    <ClInclude Include="spells.h">
      <Filter>Header Files</Filter>
    </ClInclude>
    <ClInclude Include="staircase.h">
      <Filter>Header Files</Filter>
    </ClInclude>
    <ClInclude Include="tavern.h">
      <Filter>Header Files</Filter>
    </ClInclude>
    <ClInclude Include="trolls.h">
      <Filter>Header Files</Filter>
    </ClInclude>
    <ClInclude Include="undeadKing.h">
      <Filter>Header Files</Filter>
    </ClInclude>
    <ClInclude Include="vaults.h">
      <Filter>Header Files</Filter>
    </ClInclude>
  </ItemGroup>
  <ItemGroup>
    <ResourceCompile Include="ARx_private.rc">
      <Filter>Resource Files</Filter>
    </ResourceCompile>
  </ItemGroup>
</Project>